
Microsoft Visual Studio Solution File, Format Version 12.00
# Visual Studio Version 16
VisualStudioVersion = 16.0.29411.108
MinimumVisualStudioVersion = 10.0.40219.1
Project("{FAE04EC0-301F-11D3-BF4B-00C04F79EFBC}") = "variables-types-functions", "variables-types-functions.csproj", "{2DA74DF8-0862-431C-937D-8FFBAC091ECD}"
EndProject
Global
	GlobalSection(SolutionConfigurationPlatforms) = preSolution
		Debug|Any CPU = Debug|Any CPU
		Release|Any CPU = Release|Any CPU
	EndGlobalSection
	GlobalSection(ProjectConfigurationPlatforms) = postSolution
		{2DA74DF8-0862-431C-937D-8FFBAC091ECD}.Debug|Any CPU.ActiveCfg = Debug|Any CPU
		{2DA74DF8-0862-431C-937D-8FFBAC091ECD}.Debug|Any CPU.Build.0 = Debug|Any CPU
		{2DA74DF8-0862-431C-937D-8FFBAC091ECD}.Release|Any CPU.ActiveCfg = Release|Any CPU
		{2DA74DF8-0862-431C-937D-8FFBAC091ECD}.Release|Any CPU.Build.0 = Release|Any CPU
	EndGlobalSection
	GlobalSection(SolutionProperties) = preSolution
		HideSolutionNode = FALSE
	EndGlobalSection
	GlobalSection(ExtensibilityGlobals) = postSolution
		SolutionGuid = {C634E378-6D49-4673-87D9-69D733296FD2}
	EndGlobalSection
EndGlobal
