
Microsoft Visual Studio Solution File, Format Version 12.00
# Visual Studio Version 16
VisualStudioVersion = 16.0.29020.237
MinimumVisualStudioVersion = 10.0.40219.1
Project("{FAE04EC0-301F-11D3-BF4B-00C04F79EFBC}") = "buttons", "buttons.csproj", "{AA462573-4032-4485-BD84-56CAAB8EFFAE}"
EndProject
Global
	GlobalSection(SolutionConfigurationPlatforms) = preSolution
		Debug|Any CPU = Debug|Any CPU
		Release|Any CPU = Release|Any CPU
	EndGlobalSection
	GlobalSection(ProjectConfigurationPlatforms) = postSolution
		{AA462573-4032-4485-BD84-56CAAB8EFFAE}.Debug|Any CPU.ActiveCfg = Debug|Any CPU
		{AA462573-4032-4485-BD84-56CAAB8EFFAE}.Debug|Any CPU.Build.0 = Debug|Any CPU
		{AA462573-4032-4485-BD84-56CAAB8EFFAE}.Release|Any CPU.ActiveCfg = Release|Any CPU
		{AA462573-4032-4485-BD84-56CAAB8EFFAE}.Release|Any CPU.Build.0 = Release|Any CPU
	EndGlobalSection
	GlobalSection(SolutionProperties) = preSolution
		HideSolutionNode = FALSE
	EndGlobalSection
	GlobalSection(ExtensibilityGlobals) = postSolution
		SolutionGuid = {D3389478-22AD-49A0-88F7-1502F508088E}
	EndGlobalSection
EndGlobal
