
Microsoft Visual Studio Solution File, Format Version 12.00
# Visual Studio Version 16
VisualStudioVersion = 16.0.29020.237
MinimumVisualStudioVersion = 10.0.40219.1
Project("{FAE04EC0-301F-11D3-BF4B-00C04F79EFBC}") = "return-indivisible", "return-indivisible.csproj", "{B9DA66C2-CED1-4D74-9015-72100CE1B0DF}"
EndProject
Global
	GlobalSection(SolutionConfigurationPlatforms) = preSolution
		Debug|Any CPU = Debug|Any CPU
		Release|Any CPU = Release|Any CPU
	EndGlobalSection
	GlobalSection(ProjectConfigurationPlatforms) = postSolution
		{B9DA66C2-CED1-4D74-9015-72100CE1B0DF}.Debug|Any CPU.ActiveCfg = Debug|Any CPU
		{B9DA66C2-CED1-4D74-9015-72100CE1B0DF}.Debug|Any CPU.Build.0 = Debug|Any CPU
		{B9DA66C2-CED1-4D74-9015-72100CE1B0DF}.Release|Any CPU.ActiveCfg = Release|Any CPU
		{B9DA66C2-CED1-4D74-9015-72100CE1B0DF}.Release|Any CPU.Build.0 = Release|Any CPU
	EndGlobalSection
	GlobalSection(SolutionProperties) = preSolution
		HideSolutionNode = FALSE
	EndGlobalSection
	GlobalSection(ExtensibilityGlobals) = postSolution
		SolutionGuid = {DED9E827-8D01-4C07-A4A3-6C78FEBDEDB1}
	EndGlobalSection
EndGlobal
