
Microsoft Visual Studio Solution File, Format Version 12.00
# Visual Studio Version 16
VisualStudioVersion = 16.0.29020.237
MinimumVisualStudioVersion = 10.0.40219.1
Project("{FAE04EC0-301F-11D3-BF4B-00C04F79EFBC}") = "registration-process", "registration-process.csproj", "{54F686F4-685C-44FA-9A7E-1DBF1452541F}"
EndProject
Global
	GlobalSection(SolutionConfigurationPlatforms) = preSolution
		Debug|Any CPU = Debug|Any CPU
		Release|Any CPU = Release|Any CPU
	EndGlobalSection
	GlobalSection(ProjectConfigurationPlatforms) = postSolution
		{54F686F4-685C-44FA-9A7E-1DBF1452541F}.Debug|Any CPU.ActiveCfg = Debug|Any CPU
		{54F686F4-685C-44FA-9A7E-1DBF1452541F}.Debug|Any CPU.Build.0 = Debug|Any CPU
		{54F686F4-685C-44FA-9A7E-1DBF1452541F}.Release|Any CPU.ActiveCfg = Release|Any CPU
		{54F686F4-685C-44FA-9A7E-1DBF1452541F}.Release|Any CPU.Build.0 = Release|Any CPU
	EndGlobalSection
	GlobalSection(SolutionProperties) = preSolution
		HideSolutionNode = FALSE
	EndGlobalSection
	GlobalSection(ExtensibilityGlobals) = postSolution
		SolutionGuid = {010BA77D-6C0A-4870-A55B-FE56E379912E}
	EndGlobalSection
EndGlobal
